
Microsoft Visual Studio Solution File, Format Version 12.00
# Visual Studio Version 17
VisualStudioVersion = 17.0.31903.59
MinimumVisualStudioVersion = 10.0.40219.1
Project("{2150E333-8FDC-42A3-9474-1A3956D46DE8}") = "core", "core", "{7C13D1FF-6BA3-4828-9512-07F0A0BF5708}"
EndProject
Project("{2150E333-8FDC-42A3-9474-1A3956D46DE8}") = "services", "services", "{DEE9B19E-604A-4689-93D0-D80114DEA226}"
EndProject
Project("{2150E333-8FDC-42A3-9474-1A3956D46DE8}") = "Order", "Order", "{98B9BC72-2DFF-45DC-A0FE-824919E667DE}"
EndProject
Project("{2150E333-8FDC-42A3-9474-1A3956D46DE8}") = "Stock", "Stock", "{7897759F-21A2-4112-A53E-840BAEB5B0C3}"
EndProject
Project("{2150E333-8FDC-42A3-9474-1A3956D46DE8}") = "Payment", "Payment", "{3FB5B94D-E524-4D84-A274-CF4316E8AF71}"
EndProject
Project("{2150E333-8FDC-42A3-9474-1A3956D46DE8}") = "BackgroundJob", "BackgroundJob", "{54506374-5915-4323-8798-0DE570E0AB75}"
EndProject
Project("{2150E333-8FDC-42A3-9474-1A3956D46DE8}") = "User", "User", "{B6F8B70A-DEBD-4145-97E1-81EF4D5E2769}"
EndProject
Project("{9A19103F-16F7-4668-BE54-9A1E7A4F7556}") = "Core.Domain", "src\core\Core.Domain\Core.Domain.csproj", "{71B57AE2-3B9C-4CB9-A129-C7FA0F49D17F}"
EndProject
Project("{9A19103F-16F7-4668-BE54-9A1E7A4F7556}") = "Core.Infrastructure", "src\core\Core.Infrastructure\Core.Infrastructure.csproj", "{BEF594EB-7B5C-4083-9C7F-2D4797ED5E5D}"
EndProject
Project("{9A19103F-16F7-4668-BE54-9A1E7A4F7556}") = "Core.Application", "src\core\Core.Application\Core.Application.csproj", "{C7605E00-FF48-43A4-92FA-12ACEEEE8995}"
EndProject
Project("{9A19103F-16F7-4668-BE54-9A1E7A4F7556}") = "Messages", "src\core\Messages\Messages.csproj", "{5325DD71-CF7E-4F0E-929B-7F8EEDBD5984}"
EndProject
Project("{9A19103F-16F7-4668-BE54-9A1E7A4F7556}") = "Order.API", "src\services\Order\Order.API\Order.API.csproj", "{EB29D1A4-38B8-4D0E-87E8-5646C918E12D}"
EndProject
Project("{9A19103F-16F7-4668-BE54-9A1E7A4F7556}") = "Order.Application", "src\services\Order\Order.Application\Order.Application.csproj", "{7A4454A1-1F43-49CF-88BC-9508A0700325}"
EndProject
Project("{9A19103F-16F7-4668-BE54-9A1E7A4F7556}") = "Order.Domain", "src\services\Order\Order.Domain\Order.Domain.csproj", "{D7BD3164-E3CA-46DD-829A-F8163537FEC3}"
EndProject
Project("{9A19103F-16F7-4668-BE54-9A1E7A4F7556}") = "Order.Infrastructure", "src\services\Order\Order.Infrastructure\Order.Infrastructure.csproj", "{102F09FE-4A07-4547-AF69-30F3A2739C60}"
EndProject
Project("{9A19103F-16F7-4668-BE54-9A1E7A4F7556}") = "Stock.API", "src\services\Stock\Stock.API\Stock.API.csproj", "{66FFD664-5FB0-4FFB-8A39-866F6840D19D}"
EndProject
Project("{9A19103F-16F7-4668-BE54-9A1E7A4F7556}") = "Stock.Application", "src\services\Stock\Stock.Application\Stock.Application.csproj", "{035EA474-0606-4BC7-8C01-474F88929D87}"
EndProject
Project("{9A19103F-16F7-4668-BE54-9A1E7A4F7556}") = "Stock.Domain", "src\services\Stock\Stock.Domain\Stock.Domain.csproj", "{F67C9814-C516-4DE0-B66A-4D646CFFC8A6}"
EndProject
Project("{9A19103F-16F7-4668-BE54-9A1E7A4F7556}") = "Stock.Infrastructure", "src\services\Stock\Stock.Infrastructure\Stock.Infrastructure.csproj", "{88592AC4-E679-47F9-8AF5-168148DFB5C4}"
EndProject
Project("{9A19103F-16F7-4668-BE54-9A1E7A4F7556}") = "Payment.API", "src\services\Payment\Payment.API\Payment.API.csproj", "{DDF3571B-8FB9-49EA-A0AC-A3C032D42607}"
EndProject
Project("{9A19103F-16F7-4668-BE54-9A1E7A4F7556}") = "Payment.Application", "src\services\Payment\Payment.Application\Payment.Application.csproj", "{E60B6CD1-F34A-4AB1-B93E-29531C09DF42}"
EndProject
Project("{9A19103F-16F7-4668-BE54-9A1E7A4F7556}") = "Payment.Infrastructure", "src\services\Payment\Payment.Infrastructure\Payment.Infrastructure.csproj", "{20F9C2E4-0C60-4C2B-BCE9-6645F1CA3DC7}"
EndProject
Project("{9A19103F-16F7-4668-BE54-9A1E7A4F7556}") = "User.API", "src\services\User\User.API\User.API.csproj", "{6026DF77-D411-4F62-8D87-3C7DD3B1135B}"
EndProject
Project("{9A19103F-16F7-4668-BE54-9A1E7A4F7556}") = "User.BL", "src\services\User\User.BL\User.BL.csproj", "{800AAD4D-D98B-4E42-BC13-AE05D5467626}"
EndProject
Project("{9A19103F-16F7-4668-BE54-9A1E7A4F7556}") = "User.DAL", "src\services\User\User.DAL\User.DAL.csproj", "{0C70BB79-9D63-4A6C-B47A-39189863F94C}"
EndProject
Project("{2150E333-8FDC-42A3-9474-1A3956D46DE8}") = "tests", "tests", "{76364701-24B3-4E1C-9708-99E0609A1217}"
EndProject
Project("{9A19103F-16F7-4668-BE54-9A1E7A4F7556}") = "BackgroundJobService", "src\services\BackgroundJob\BackgroundJobService\BackgroundJobService.csproj", "{F72890EF-44E5-40FE-8851-DB16A3270663}"
EndProject
Project("{2150E333-8FDC-42A3-9474-1A3956D46DE8}") = "Gateway", "Gateway", "{4BA5AD05-73EE-4EF4-85D0-EB1BF8250DD8}"
EndProject
Project("{9A19103F-16F7-4668-BE54-9A1E7A4F7556}") = "Gateway", "src\services\Gateway\Gateway\Gateway.csproj", "{7BF98F0D-9ECF-40BF-85D4-F6FCCADAA624}"
EndProject
Project("{E53339B2-1760-4266-BCC7-CA923CBCF16C}") = "docker-compose", "docker-compose.dcproj", "{A157F3AB-A7C3-4518-B144-5F8B9271E9D6}"
EndProject
Project("{2150E333-8FDC-42A3-9474-1A3956D46DE8}") = "Report", "Report", "{EE0BE727-A29F-4125-B8FD-B7DE49490F8E}"
EndProject
Project("{9A19103F-16F7-4668-BE54-9A1E7A4F7556}") = "Report.API", "src\services\Report\Report.API\Report.API.csproj", "{D4A3968D-2D04-4E2D-ADAE-DEE64E7970C0}"
EndProject
Project("{9A19103F-16F7-4668-BE54-9A1E7A4F7556}") = "Report.Application", "src\services\Report\Report.Application\Report.Application.csproj", "{AC893B00-3353-4C61-A1BA-3F7C189DB674}"
EndProject
Project("{9A19103F-16F7-4668-BE54-9A1E7A4F7556}") = "Report.Infrastructure", "src\services\Report\Report.Infrastructure\Report.Infrastructure.csproj", "{1CD25311-BDE6-4CD3-B25A-D116B04AE5FC}"
EndProject
Project("{9A19103F-16F7-4668-BE54-9A1E7A4F7556}") = "Payment.Domain", "src\services\Payment\Payment.Domain\Payment.Domain.csproj", "{A137B7B2-B71F-4BB3-A165-A6FC89FBF2EC}"
EndProject
Project("{2150E333-8FDC-42A3-9474-1A3956D46DE8}") = "Limit", "Limit", "{1DFE1137-18C0-4D9D-8EC6-4084E507D743}"
EndProject
Project("{9A19103F-16F7-4668-BE54-9A1E7A4F7556}") = "Limit.API", "src\services\Limit\Limit.API\Limit.API.csproj", "{11C00D86-2B47-440A-B43F-91FB6ECD693D}"
EndProject
Project("{FAE04EC0-301F-11D3-BF4B-00C04F79EFBC}") = "Report.Domain", "src\services\Report\Report.Domain\Report.Domain.csproj", "{FAEE5611-2603-4711-8182-8D53D71B15B5}"
EndProject
Project("{FAE04EC0-301F-11D3-BF4B-00C04F79EFBC}") = "Order.Test", "src\tests\Order.Test\Order.Test.csproj", "{D43C34DA-3D69-466C-A99F-237CB3DF224A}"
EndProject
Global
	GlobalSection(SolutionConfigurationPlatforms) = preSolution
		Debug|Any CPU = Debug|Any CPU
		Release|Any CPU = Release|Any CPU
	EndGlobalSection
	GlobalSection(ProjectConfigurationPlatforms) = postSolution
		{71B57AE2-3B9C-4CB9-A129-C7FA0F49D17F}.Debug|Any CPU.ActiveCfg = Debug|Any CPU
		{71B57AE2-3B9C-4CB9-A129-C7FA0F49D17F}.Debug|Any CPU.Build.0 = Debug|Any CPU
		{71B57AE2-3B9C-4CB9-A129-C7FA0F49D17F}.Release|Any CPU.ActiveCfg = Release|Any CPU
		{71B57AE2-3B9C-4CB9-A129-C7FA0F49D17F}.Release|Any CPU.Build.0 = Release|Any CPU
		{BEF594EB-7B5C-4083-9C7F-2D4797ED5E5D}.Debug|Any CPU.ActiveCfg = Debug|Any CPU
		{BEF594EB-7B5C-4083-9C7F-2D4797ED5E5D}.Debug|Any CPU.Build.0 = Debug|Any CPU
		{BEF594EB-7B5C-4083-9C7F-2D4797ED5E5D}.Release|Any CPU.ActiveCfg = Release|Any CPU
		{BEF594EB-7B5C-4083-9C7F-2D4797ED5E5D}.Release|Any CPU.Build.0 = Release|Any CPU
		{C7605E00-FF48-43A4-92FA-12ACEEEE8995}.Debug|Any CPU.ActiveCfg = Debug|Any CPU
		{C7605E00-FF48-43A4-92FA-12ACEEEE8995}.Debug|Any CPU.Build.0 = Debug|Any CPU
		{C7605E00-FF48-43A4-92FA-12ACEEEE8995}.Release|Any CPU.ActiveCfg = Release|Any CPU
		{C7605E00-FF48-43A4-92FA-12ACEEEE8995}.Release|Any CPU.Build.0 = Release|Any CPU
		{5325DD71-CF7E-4F0E-929B-7F8EEDBD5984}.Debug|Any CPU.ActiveCfg = Debug|Any CPU
		{5325DD71-CF7E-4F0E-929B-7F8EEDBD5984}.Debug|Any CPU.Build.0 = Debug|Any CPU
		{5325DD71-CF7E-4F0E-929B-7F8EEDBD5984}.Release|Any CPU.ActiveCfg = Release|Any CPU
		{5325DD71-CF7E-4F0E-929B-7F8EEDBD5984}.Release|Any CPU.Build.0 = Release|Any CPU
		{EB29D1A4-38B8-4D0E-87E8-5646C918E12D}.Debug|Any CPU.ActiveCfg = Debug|Any CPU
		{EB29D1A4-38B8-4D0E-87E8-5646C918E12D}.Debug|Any CPU.Build.0 = Debug|Any CPU
		{EB29D1A4-38B8-4D0E-87E8-5646C918E12D}.Release|Any CPU.ActiveCfg = Release|Any CPU
		{EB29D1A4-38B8-4D0E-87E8-5646C918E12D}.Release|Any CPU.Build.0 = Release|Any CPU
		{7A4454A1-1F43-49CF-88BC-9508A0700325}.Debug|Any CPU.ActiveCfg = Debug|Any CPU
		{7A4454A1-1F43-49CF-88BC-9508A0700325}.Debug|Any CPU.Build.0 = Debug|Any CPU
		{7A4454A1-1F43-49CF-88BC-9508A0700325}.Release|Any CPU.ActiveCfg = Release|Any CPU
		{7A4454A1-1F43-49CF-88BC-9508A0700325}.Release|Any CPU.Build.0 = Release|Any CPU
		{D7BD3164-E3CA-46DD-829A-F8163537FEC3}.Debug|Any CPU.ActiveCfg = Debug|Any CPU
		{D7BD3164-E3CA-46DD-829A-F8163537FEC3}.Debug|Any CPU.Build.0 = Debug|Any CPU
		{D7BD3164-E3CA-46DD-829A-F8163537FEC3}.Release|Any CPU.ActiveCfg = Release|Any CPU
		{D7BD3164-E3CA-46DD-829A-F8163537FEC3}.Release|Any CPU.Build.0 = Release|Any CPU
		{102F09FE-4A07-4547-AF69-30F3A2739C60}.Debug|Any CPU.ActiveCfg = Debug|Any CPU
		{102F09FE-4A07-4547-AF69-30F3A2739C60}.Debug|Any CPU.Build.0 = Debug|Any CPU
		{102F09FE-4A07-4547-AF69-30F3A2739C60}.Release|Any CPU.ActiveCfg = Release|Any CPU
		{102F09FE-4A07-4547-AF69-30F3A2739C60}.Release|Any CPU.Build.0 = Release|Any CPU
		{66FFD664-5FB0-4FFB-8A39-866F6840D19D}.Debug|Any CPU.ActiveCfg = Debug|Any CPU
		{66FFD664-5FB0-4FFB-8A39-866F6840D19D}.Debug|Any CPU.Build.0 = Debug|Any CPU
		{66FFD664-5FB0-4FFB-8A39-866F6840D19D}.Release|Any CPU.ActiveCfg = Release|Any CPU
		{66FFD664-5FB0-4FFB-8A39-866F6840D19D}.Release|Any CPU.Build.0 = Release|Any CPU
		{035EA474-0606-4BC7-8C01-474F88929D87}.Debug|Any CPU.ActiveCfg = Debug|Any CPU
		{035EA474-0606-4BC7-8C01-474F88929D87}.Debug|Any CPU.Build.0 = Debug|Any CPU
		{035EA474-0606-4BC7-8C01-474F88929D87}.Release|Any CPU.ActiveCfg = Release|Any CPU
		{035EA474-0606-4BC7-8C01-474F88929D87}.Release|Any CPU.Build.0 = Release|Any CPU
		{F67C9814-C516-4DE0-B66A-4D646CFFC8A6}.Debug|Any CPU.ActiveCfg = Debug|Any CPU
		{F67C9814-C516-4DE0-B66A-4D646CFFC8A6}.Debug|Any CPU.Build.0 = Debug|Any CPU
		{F67C9814-C516-4DE0-B66A-4D646CFFC8A6}.Release|Any CPU.ActiveCfg = Release|Any CPU
		{F67C9814-C516-4DE0-B66A-4D646CFFC8A6}.Release|Any CPU.Build.0 = Release|Any CPU
		{88592AC4-E679-47F9-8AF5-168148DFB5C4}.Debug|Any CPU.ActiveCfg = Debug|Any CPU
		{88592AC4-E679-47F9-8AF5-168148DFB5C4}.Debug|Any CPU.Build.0 = Debug|Any CPU
		{88592AC4-E679-47F9-8AF5-168148DFB5C4}.Release|Any CPU.ActiveCfg = Release|Any CPU
		{88592AC4-E679-47F9-8AF5-168148DFB5C4}.Release|Any CPU.Build.0 = Release|Any CPU
		{DDF3571B-8FB9-49EA-A0AC-A3C032D42607}.Debug|Any CPU.ActiveCfg = Debug|Any CPU
		{DDF3571B-8FB9-49EA-A0AC-A3C032D42607}.Debug|Any CPU.Build.0 = Debug|Any CPU
		{DDF3571B-8FB9-49EA-A0AC-A3C032D42607}.Release|Any CPU.ActiveCfg = Release|Any CPU
		{DDF3571B-8FB9-49EA-A0AC-A3C032D42607}.Release|Any CPU.Build.0 = Release|Any CPU
		{E60B6CD1-F34A-4AB1-B93E-29531C09DF42}.Debug|Any CPU.ActiveCfg = Debug|Any CPU
		{E60B6CD1-F34A-4AB1-B93E-29531C09DF42}.Debug|Any CPU.Build.0 = Debug|Any CPU
		{E60B6CD1-F34A-4AB1-B93E-29531C09DF42}.Release|Any CPU.ActiveCfg = Release|Any CPU
		{E60B6CD1-F34A-4AB1-B93E-29531C09DF42}.Release|Any CPU.Build.0 = Release|Any CPU
		{20F9C2E4-0C60-4C2B-BCE9-6645F1CA3DC7}.Debug|Any CPU.ActiveCfg = Debug|Any CPU
		{20F9C2E4-0C60-4C2B-BCE9-6645F1CA3DC7}.Debug|Any CPU.Build.0 = Debug|Any CPU
		{20F9C2E4-0C60-4C2B-BCE9-6645F1CA3DC7}.Release|Any CPU.ActiveCfg = Release|Any CPU
		{20F9C2E4-0C60-4C2B-BCE9-6645F1CA3DC7}.Release|Any CPU.Build.0 = Release|Any CPU
		{6026DF77-D411-4F62-8D87-3C7DD3B1135B}.Debug|Any CPU.ActiveCfg = Debug|Any CPU
		{6026DF77-D411-4F62-8D87-3C7DD3B1135B}.Debug|Any CPU.Build.0 = Debug|Any CPU
		{6026DF77-D411-4F62-8D87-3C7DD3B1135B}.Release|Any CPU.ActiveCfg = Release|Any CPU
		{6026DF77-D411-4F62-8D87-3C7DD3B1135B}.Release|Any CPU.Build.0 = Release|Any CPU
		{800AAD4D-D98B-4E42-BC13-AE05D5467626}.Debug|Any CPU.ActiveCfg = Debug|Any CPU
		{800AAD4D-D98B-4E42-BC13-AE05D5467626}.Debug|Any CPU.Build.0 = Debug|Any CPU
		{800AAD4D-D98B-4E42-BC13-AE05D5467626}.Release|Any CPU.ActiveCfg = Release|Any CPU
		{800AAD4D-D98B-4E42-BC13-AE05D5467626}.Release|Any CPU.Build.0 = Release|Any CPU
		{0C70BB79-9D63-4A6C-B47A-39189863F94C}.Debug|Any CPU.ActiveCfg = Debug|Any CPU
		{0C70BB79-9D63-4A6C-B47A-39189863F94C}.Debug|Any CPU.Build.0 = Debug|Any CPU
		{0C70BB79-9D63-4A6C-B47A-39189863F94C}.Release|Any CPU.ActiveCfg = Release|Any CPU
		{0C70BB79-9D63-4A6C-B47A-39189863F94C}.Release|Any CPU.Build.0 = Release|Any CPU
		{F72890EF-44E5-40FE-8851-DB16A3270663}.Debug|Any CPU.ActiveCfg = Debug|Any CPU
		{F72890EF-44E5-40FE-8851-DB16A3270663}.Debug|Any CPU.Build.0 = Debug|Any CPU
		{F72890EF-44E5-40FE-8851-DB16A3270663}.Release|Any CPU.ActiveCfg = Release|Any CPU
		{F72890EF-44E5-40FE-8851-DB16A3270663}.Release|Any CPU.Build.0 = Release|Any CPU
		{7BF98F0D-9ECF-40BF-85D4-F6FCCADAA624}.Debug|Any CPU.ActiveCfg = Debug|Any CPU
		{7BF98F0D-9ECF-40BF-85D4-F6FCCADAA624}.Debug|Any CPU.Build.0 = Debug|Any CPU
		{7BF98F0D-9ECF-40BF-85D4-F6FCCADAA624}.Release|Any CPU.ActiveCfg = Release|Any CPU
		{7BF98F0D-9ECF-40BF-85D4-F6FCCADAA624}.Release|Any CPU.Build.0 = Release|Any CPU
		{A157F3AB-A7C3-4518-B144-5F8B9271E9D6}.Debug|Any CPU.ActiveCfg = Debug|Any CPU
		{A157F3AB-A7C3-4518-B144-5F8B9271E9D6}.Debug|Any CPU.Build.0 = Debug|Any CPU
		{A157F3AB-A7C3-4518-B144-5F8B9271E9D6}.Release|Any CPU.ActiveCfg = Release|Any CPU
		{A157F3AB-A7C3-4518-B144-5F8B9271E9D6}.Release|Any CPU.Build.0 = Release|Any CPU
		{D4A3968D-2D04-4E2D-ADAE-DEE64E7970C0}.Debug|Any CPU.ActiveCfg = Debug|Any CPU
		{D4A3968D-2D04-4E2D-ADAE-DEE64E7970C0}.Debug|Any CPU.Build.0 = Debug|Any CPU
		{D4A3968D-2D04-4E2D-ADAE-DEE64E7970C0}.Release|Any CPU.ActiveCfg = Release|Any CPU
		{D4A3968D-2D04-4E2D-ADAE-DEE64E7970C0}.Release|Any CPU.Build.0 = Release|Any CPU
		{AC893B00-3353-4C61-A1BA-3F7C189DB674}.Debug|Any CPU.ActiveCfg = Debug|Any CPU
		{AC893B00-3353-4C61-A1BA-3F7C189DB674}.Debug|Any CPU.Build.0 = Debug|Any CPU
		{AC893B00-3353-4C61-A1BA-3F7C189DB674}.Release|Any CPU.ActiveCfg = Release|Any CPU
		{AC893B00-3353-4C61-A1BA-3F7C189DB674}.Release|Any CPU.Build.0 = Release|Any CPU
		{1CD25311-BDE6-4CD3-B25A-D116B04AE5FC}.Debug|Any CPU.ActiveCfg = Debug|Any CPU
		{1CD25311-BDE6-4CD3-B25A-D116B04AE5FC}.Debug|Any CPU.Build.0 = Debug|Any CPU
		{1CD25311-BDE6-4CD3-B25A-D116B04AE5FC}.Release|Any CPU.ActiveCfg = Release|Any CPU
		{1CD25311-BDE6-4CD3-B25A-D116B04AE5FC}.Release|Any CPU.Build.0 = Release|Any CPU
		{A137B7B2-B71F-4BB3-A165-A6FC89FBF2EC}.Debug|Any CPU.ActiveCfg = Debug|Any CPU
		{A137B7B2-B71F-4BB3-A165-A6FC89FBF2EC}.Debug|Any CPU.Build.0 = Debug|Any CPU
		{A137B7B2-B71F-4BB3-A165-A6FC89FBF2EC}.Release|Any CPU.ActiveCfg = Release|Any CPU
		{A137B7B2-B71F-4BB3-A165-A6FC89FBF2EC}.Release|Any CPU.Build.0 = Release|Any CPU
		{11C00D86-2B47-440A-B43F-91FB6ECD693D}.Debug|Any CPU.ActiveCfg = Debug|Any CPU
		{11C00D86-2B47-440A-B43F-91FB6ECD693D}.Debug|Any CPU.Build.0 = Debug|Any CPU
		{11C00D86-2B47-440A-B43F-91FB6ECD693D}.Release|Any CPU.ActiveCfg = Release|Any CPU
		{11C00D86-2B47-440A-B43F-91FB6ECD693D}.Release|Any CPU.Build.0 = Release|Any CPU
		{FAEE5611-2603-4711-8182-8D53D71B15B5}.Debug|Any CPU.ActiveCfg = Debug|Any CPU
		{FAEE5611-2603-4711-8182-8D53D71B15B5}.Debug|Any CPU.Build.0 = Debug|Any CPU
		{FAEE5611-2603-4711-8182-8D53D71B15B5}.Release|Any CPU.ActiveCfg = Release|Any CPU
		{FAEE5611-2603-4711-8182-8D53D71B15B5}.Release|Any CPU.Build.0 = Release|Any CPU
		{D43C34DA-3D69-466C-A99F-237CB3DF224A}.Debug|Any CPU.ActiveCfg = Debug|Any CPU
		{D43C34DA-3D69-466C-A99F-237CB3DF224A}.Debug|Any CPU.Build.0 = Debug|Any CPU
		{D43C34DA-3D69-466C-A99F-237CB3DF224A}.Release|Any CPU.ActiveCfg = Release|Any CPU
		{D43C34DA-3D69-466C-A99F-237CB3DF224A}.Release|Any CPU.Build.0 = Release|Any CPU
	EndGlobalSection
	GlobalSection(SolutionProperties) = preSolution
		HideSolutionNode = FALSE
	EndGlobalSection
	GlobalSection(NestedProjects) = preSolution
		{98B9BC72-2DFF-45DC-A0FE-824919E667DE} = {DEE9B19E-604A-4689-93D0-D80114DEA226}
		{7897759F-21A2-4112-A53E-840BAEB5B0C3} = {DEE9B19E-604A-4689-93D0-D80114DEA226}
		{3FB5B94D-E524-4D84-A274-CF4316E8AF71} = {DEE9B19E-604A-4689-93D0-D80114DEA226}
		{54506374-5915-4323-8798-0DE570E0AB75} = {DEE9B19E-604A-4689-93D0-D80114DEA226}
		{B6F8B70A-DEBD-4145-97E1-81EF4D5E2769} = {DEE9B19E-604A-4689-93D0-D80114DEA226}
		{71B57AE2-3B9C-4CB9-A129-C7FA0F49D17F} = {7C13D1FF-6BA3-4828-9512-07F0A0BF5708}
		{BEF594EB-7B5C-4083-9C7F-2D4797ED5E5D} = {7C13D1FF-6BA3-4828-9512-07F0A0BF5708}
		{C7605E00-FF48-43A4-92FA-12ACEEEE8995} = {7C13D1FF-6BA3-4828-9512-07F0A0BF5708}
		{5325DD71-CF7E-4F0E-929B-7F8EEDBD5984} = {7C13D1FF-6BA3-4828-9512-07F0A0BF5708}
		{EB29D1A4-38B8-4D0E-87E8-5646C918E12D} = {98B9BC72-2DFF-45DC-A0FE-824919E667DE}
		{7A4454A1-1F43-49CF-88BC-9508A0700325} = {98B9BC72-2DFF-45DC-A0FE-824919E667DE}
		{D7BD3164-E3CA-46DD-829A-F8163537FEC3} = {98B9BC72-2DFF-45DC-A0FE-824919E667DE}
		{102F09FE-4A07-4547-AF69-30F3A2739C60} = {98B9BC72-2DFF-45DC-A0FE-824919E667DE}
		{66FFD664-5FB0-4FFB-8A39-866F6840D19D} = {7897759F-21A2-4112-A53E-840BAEB5B0C3}
		{035EA474-0606-4BC7-8C01-474F88929D87} = {7897759F-21A2-4112-A53E-840BAEB5B0C3}
		{F67C9814-C516-4DE0-B66A-4D646CFFC8A6} = {7897759F-21A2-4112-A53E-840BAEB5B0C3}
		{88592AC4-E679-47F9-8AF5-168148DFB5C4} = {7897759F-21A2-4112-A53E-840BAEB5B0C3}
		{DDF3571B-8FB9-49EA-A0AC-A3C032D42607} = {3FB5B94D-E524-4D84-A274-CF4316E8AF71}
		{E60B6CD1-F34A-4AB1-B93E-29531C09DF42} = {3FB5B94D-E524-4D84-A274-CF4316E8AF71}
		{20F9C2E4-0C60-4C2B-BCE9-6645F1CA3DC7} = {3FB5B94D-E524-4D84-A274-CF4316E8AF71}
		{6026DF77-D411-4F62-8D87-3C7DD3B1135B} = {B6F8B70A-DEBD-4145-97E1-81EF4D5E2769}
		{800AAD4D-D98B-4E42-BC13-AE05D5467626} = {B6F8B70A-DEBD-4145-97E1-81EF4D5E2769}
		{0C70BB79-9D63-4A6C-B47A-39189863F94C} = {B6F8B70A-DEBD-4145-97E1-81EF4D5E2769}
		{F72890EF-44E5-40FE-8851-DB16A3270663} = {54506374-5915-4323-8798-0DE570E0AB75}
		{4BA5AD05-73EE-4EF4-85D0-EB1BF8250DD8} = {DEE9B19E-604A-4689-93D0-D80114DEA226}
		{7BF98F0D-9ECF-40BF-85D4-F6FCCADAA624} = {4BA5AD05-73EE-4EF4-85D0-EB1BF8250DD8}
		{EE0BE727-A29F-4125-B8FD-B7DE49490F8E} = {DEE9B19E-604A-4689-93D0-D80114DEA226}
		{D4A3968D-2D04-4E2D-ADAE-DEE64E7970C0} = {EE0BE727-A29F-4125-B8FD-B7DE49490F8E}
		{AC893B00-3353-4C61-A1BA-3F7C189DB674} = {EE0BE727-A29F-4125-B8FD-B7DE49490F8E}
		{1CD25311-BDE6-4CD3-B25A-D116B04AE5FC} = {EE0BE727-A29F-4125-B8FD-B7DE49490F8E}
		{A137B7B2-B71F-4BB3-A165-A6FC89FBF2EC} = {3FB5B94D-E524-4D84-A274-CF4316E8AF71}
		{1DFE1137-18C0-4D9D-8EC6-4084E507D743} = {DEE9B19E-604A-4689-93D0-D80114DEA226}
		{11C00D86-2B47-440A-B43F-91FB6ECD693D} = {1DFE1137-18C0-4D9D-8EC6-4084E507D743}
		{FAEE5611-2603-4711-8182-8D53D71B15B5} = {EE0BE727-A29F-4125-B8FD-B7DE49490F8E}
		{D43C34DA-3D69-466C-A99F-237CB3DF224A} = {76364701-24B3-4E1C-9708-99E0609A1217}
	EndGlobalSection
	GlobalSection(ExtensibilityGlobals) = postSolution
		SolutionGuid = {1C55D68F-3437-4BF8-B57B-BA5D296D61D6}
	EndGlobalSection
EndGlobal
